// !$*UTF8*$!
{
	archiveVersion = 1;
	classes = {
	};
	objectVersion = 46;
	objects = {

/* Begin PBXBuildFile section */
		5BE691D31D48FD23002B1312 /* AppDelegate.swift in Sources */ = {isa = PBXBuildFile; fileRef = 5BE691D21D48FD23002B1312 /* AppDelegate.swift */; };
		5BE691D51D48FD23002B1312 /* GameScene.sks in Resources */ = {isa = PBXBuildFile; fileRef = 5BE691D41D48FD23002B1312 /* GameScene.sks */; };
		5BE691D71D48FD23002B1312 /* GameScene.swift in Sources */ = {isa = PBXBuildFile; fileRef = 5BE691D61D48FD23002B1312 /* GameScene.swift */; };
		5BE691D91D48FD23002B1312 /* GameViewController.swift in Sources */ = {isa = PBXBuildFile; fileRef = 5BE691D81D48FD23002B1312 /* GameViewController.swift */; };
		5BE691DC1D48FD23002B1312 /* Main.storyboard in Resources */ = {isa = PBXBuildFile; fileRef = 5BE691DA1D48FD23002B1312 /* Main.storyboard */; };
		5BE691DE1D48FD23002B1312 /* Assets.xcassets in Resources */ = {isa = PBXBuildFile; fileRef = 5BE691DD1D48FD23002B1312 /* Assets.xcassets */; };
		5BE691E11D48FD23002B1312 /* LaunchScreen.storyboard in Resources */ = {isa = PBXBuildFile; fileRef = 5BE691DF1D48FD23002B1312 /* LaunchScreen.storyboard */; };
/* End PBXBuildFile section */

/* Begin PBXFileReference section */
		5BE691CF1D48FD23002B1312 /* SceneryScrollerFX.app */ = {isa = PBXFileReference; explicitFileType = wrapper.application; includeInIndex = 0; path = SceneryScrollerFX.app; sourceTree = BUILT_PRODUCTS_DIR; };
		5BE691D21D48FD23002B1312 /* AppDelegate.swift */ = {isa = PBXFileReference; lastKnownFileType = sourcecode.swift; path = AppDelegate.swift; sourceTree = "<group>"; };
		5BE691D41D48FD23002B1312 /* GameScene.sks */ = {isa = PBXFileReference; lastKnownFileType = file.sks; path = GameScene.sks; sourceTree = "<group>"; };
		5BE691D61D48FD23002B1312 /* GameScene.swift */ = {isa = PBXFileReference; lastKnownFileType = sourcecode.swift; path = GameScene.swift; sourceTree = "<group>"; };
		5BE691D81D48FD23002B1312 /* GameViewController.swift */ = {isa = PBXFileReference; lastKnownFileType = sourcecode.swift; path = GameViewController.swift; sourceTree = "<group>"; };
		5BE691DB1D48FD23002B1312 /* Base */ = {isa = PBXFileReference; lastKnownFileType = file.storyboard; name = Base; path = Base.lproj/Main.storyboard; sourceTree = "<group>"; };
		5BE691DD1D48FD23002B1312 /* Assets.xcassets */ = {isa = PBXFileReference; lastKnownFileType = folder.assetcatalog; path = Assets.xcassets; sourceTree = "<group>"; };
		5BE691E01D48FD23002B1312 /* Base */ = {isa = PBXFileReference; lastKnownFileType = file.storyboard; name = Base; path = Base.lproj/LaunchScreen.storyboard; sourceTree = "<group>"; };
		5BE691E21D48FD23002B1312 /* Info.plist */ = {isa = PBXFileReference; lastKnownFileType = text.plist.xml; path = Info.plist; sourceTree = "<group>"; };
/* End PBXFileReference section */

/* Begin PBXFrameworksBuildPhase section */
		5BE691CC1D48FD23002B1312 /* Frameworks */ = {
			isa = PBXFrameworksBuildPhase;
			buildActionMask = 2147483647;
			files = (
			);
			runOnlyForDeploymentPostprocessing = 0;
		};
/* End PBXFrameworksBuildPhase section */

/* Begin PBXGroup section */
		5BE691C61D48FD23002B1312 = {
			isa = PBXGroup;
			children = (
				5BE691D11D48FD23002B1312 /* SceneryScrollerFX */,
				5BE691D01D48FD23002B1312 /* Products */,
			);
			sourceTree = "<group>";
		};
		5BE691D01D48FD23002B1312 /* Products */ = {
			isa = PBXGroup;
			children = (
				5BE691CF1D48FD23002B1312 /* SceneryScrollerFX.app */,
			);
			name = Products;
			sourceTree = "<group>";
		};
		5BE691D11D48FD23002B1312 /* SceneryScrollerFX */ = {
			isa = PBXGroup;
			children = (
				5BE691D21D48FD23002B1312 /* AppDelegate.swift */,
				5BE691D41D48FD23002B1312 /* GameScene.sks */,
				5BE691D61D48FD23002B1312 /* GameScene.swift */,
				5BE691D81D48FD23002B1312 /* GameViewController.swift */,
				5BE691DA1D48FD23002B1312 /* Main.storyboard */,
				5BE691DD1D48FD23002B1312 /* Assets.xcassets */,
				5BE691DF1D48FD23002B1312 /* LaunchScreen.storyboard */,
				5BE691E21D48FD23002B1312 /* Info.plist */,
			);
			path = SceneryScrollerFX;
			sourceTree = "<group>";
		};
/* End PBXGroup section */

/* Begin PBXNativeTarget section */
		5BE691CE1D48FD23002B1312 /* SceneryScrollerFX */ = {
			isa = PBXNativeTarget;
			buildConfigurationList = 5BE691E51D48FD23002B1312 /* Build configuration list for PBXNativeTarget "SceneryScrollerFX" */;
			buildPhases = (
				5BE691CB1D48FD23002B1312 /* Sources */,
				5BE691CC1D48FD23002B1312 /* Frameworks */,
				5BE691CD1D48FD23002B1312 /* Resources */,
			);
			buildRules = (
			);
			dependencies = (
			);
			name = SceneryScrollerFX;
			productName = SceneryScrollerFX;
			productReference = 5BE691CF1D48FD23002B1312 /* SceneryScrollerFX.app */;
			productType = "com.apple.product-type.application";
		};
/* End PBXNativeTarget section */

/* Begin PBXProject section */
		5BE691C71D48FD23002B1312 /* Project object */ = {
			isa = PBXProject;
			attributes = {
				LastSwiftUpdateCheck = 0730;
				LastUpgradeCheck = 0730;
				ORGANIZATIONNAME = "Frosty Cube";
				TargetAttributes = {
					5BE691CE1D48FD23002B1312 = {
						CreatedOnToolsVersion = 7.3.1;
					};
				};
			};
			buildConfigurationList = 5BE691CA1D48FD23002B1312 /* Build configuration list for PBXProject "SceneryScrollerFX" */;
			compatibilityVersion = "Xcode 3.2";
			developmentRegion = English;
			hasScannedForEncodings = 0;
			knownRegions = (
				en,
				Base,
			);
			mainGroup = 5BE691C61D48FD23002B1312;
			productRefGroup = 5BE691D01D48FD23002B1312 /* Products */;
			projectDirPath = "";
			projectRoot = "";
			targets = (
				5BE691CE1D48FD23002B1312 /* SceneryScrollerFX */,
			);
		};
/* End PBXProject section */

/* Begin PBXResourcesBuildPhase section */
		5BE691CD1D48FD23002B1312 /* Resources */ = {
			isa = PBXResourcesBuildPhase;
			buildActionMask = 2147483647;
			files = (
				5BE691D51D48FD23002B1312 /* GameScene.sks in Resources */,
				5BE691E11D48FD23002B1312 /* LaunchScreen.storyboard in Resources */,
				5BE691DE1D48FD23002B1312 /* Assets.xcassets in Resources */,
				5BE691DC1D48FD23002B1312 /* Main.storyboard in Resources */,
			);
			runOnlyForDeploymentPostprocessing = 0;
		};
/* End PBXResourcesBuildPhase section */

/* Begin PBXSourcesBuildPhase section */
		5BE691CB1D48FD23002B1312 /* Sources */ = {
			isa = PBXSourcesBuildPhase;
			buildActionMask = 2147483647;
			files = (
				5BE691D71D48FD23002B1312 /* GameScene.swift in Sources */,
				5BE691D91D48FD23002B1312 /* GameViewController.swift in Sources */,
				5BE691D31D48FD23002B1312 /* AppDelegate.swift in Sources */,
			);
			runOnlyForDeploymentPostprocessing = 0;
		};
/* End PBXSourcesBuildPhase section */

/* Begin PBXVariantGroup section */
		5BE691DA1D48FD23002B1312 /* Main.storyboard */ = {
			isa = PBXVariantGroup;
			children = (
				5BE691DB1D48FD23002B1312 /* Base */,
			);
			name = Main.storyboard;
			sourceTree = "<group>";
		};
		5BE691DF1D48FD23002B1312 /* LaunchScreen.storyboard */ = {
			isa = PBXVariantGroup;
			children = (
				5BE691E01D48FD23002B1312 /* Base */,
			);
			name = LaunchScreen.storyboard;
			sourceTree = "<group>";
		};
/* End PBXVariantGroup section */

/* Begin XCBuildConfiguration section */
		5BE691E31D48FD23002B1312 /* Debug */ = {
			isa = XCBuildConfiguration;
			buildSettings = {
				ALWAYS_SEARCH_USER_PATHS = NO;
				CLANG_ANALYZER_NONNULL = YES;
				CLANG_CXX_LANGUAGE_STANDARD = "gnu++0x";
				CLANG_CXX_LIBRARY = "libc++";
				CLANG_ENABLE_MODULES = YES;
				CLANG_ENABLE_OBJC_ARC = YES;
				CLANG_WARN_BOOL_CONVERSION = YES;
				CLANG_WARN_CONSTANT_CONVERSION = YES;
				CLANG_WARN_DIRECT_OBJC_ISA_USAGE = YES_ERROR;
				CLANG_WARN_EMPTY_BODY = YES;
				CLANG_WARN_ENUM_CONVERSION = YES;
				CLANG_WARN_INT_CONVERSION = YES;
				CLANG_WARN_OBJC_ROOT_CLASS = YES_ERROR;
				CLANG_WARN_UNREACHABLE_CODE = YES;
				CLANG_WARN__DUPLICATE_METHOD_MATCH = YES;
				"CODE_SIGN_IDENTITY[sdk=iphoneos*]" = "iPhone Developer";
				COPY_PHASE_STRIP = NO;
				DEBUG_INFORMATION_FORMAT = "dwarf-with-dsym";
				ENABLE_STRICT_OBJC_MSGSEND = YES;
				ENABLE_TESTABILITY = YES;
				GCC_C_LANGUAGE_STANDARD = gnu99;
				GCC_DYNAMIC_NO_PIC = NO;
				GCC_NO_COMMON_BLOCKS = YES;
				GCC_OPTIMIZATION_LEVEL = 0;
				GCC_PREPROCESSOR_DEFINITIONS = (
					"DEBUG=1",
					"$(inherited)",
				);
				GCC_WARN_64_TO_32_BIT_CONVERSION = YES;
				GCC_WARN_ABOUT_RETURN_TYPE = YES_ERROR;
				GCC_WARN_UNDECLARED_SELECTOR = YES;
				GCC_WARN_UNINITIALIZED_AUTOS = YES_AGGRESSIVE;
				GCC_WARN_UNUSED_FUNCTION = YES;
				GCC_WARN_UNUSED_VARIABLE = YES;
				IPHONEOS_DEPLOYMENT_TARGET = 9.0;
				MTL_ENABLE_DEBUG_INFO = YES;
				ONLY_ACTIVE_ARCH = YES;
				SDKROOT = iphoneos;
				SWIFT_OPTIMIZATION_LEVEL = "-Onone";
				TARGETED_DEVICE_FAMILY = "1,2";
			};
			name = Debug;
		};
		5BE691E41D48FD23002B1312 /* Release */ = {
			isa = XCBuildConfiguration;
			buildSettings = {
				ALWAYS_SEARCH_USER_PATHS = NO;
				CLANG_ANALYZER_NONNULL = YES;
				CLANG_CXX_LANGUAGE_STANDARD = "gnu++0x";
				CLANG_CXX_LIBRARY = "libc++";
				CLANG_ENABLE_MODULES = YES;
				CLANG_ENABLE_OBJC_ARC = YES;
				CLANG_WARN_BOOL_CONVERSION = YES;
				CLANG_WARN_CONSTANT_CONVERSION = YES;
				CLANG_WARN_DIRECT_OBJC_ISA_USAGE = YES_ERROR;
				CLANG_WARN_EMPTY_BODY = YES;
				CLANG_WARN_ENUM_CONVERSION = YES;
				CLANG_WARN_INT_CONVERSION = YES;
				CLANG_WARN_OBJC_ROOT_CLASS = YES_ERROR;
				CLANG_WARN_UNREACHABLE_CODE = YES;
				CLANG_WARN__DUPLICATE_METHOD_MATCH = YES;
				"CODE_SIGN_IDENTITY[sdk=iphoneos*]" = "iPhone Developer";
				COPY_PHASE_STRIP = NO;
				DEBUG_INFORMATION_FORMAT = "dwarf-with-dsym";
				ENABLE_NS_ASSERTIONS = NO;
				ENABLE_STRICT_OBJC_MSGSEND = YES;
				GCC_C_LANGUAGE_STANDARD = gnu99;
				GCC_NO_COMMON_BLOCKS = YES;
				GCC_WARN_64_TO_32_BIT_CONVERSION = YES;
				GCC_WARN_ABOUT_RETURN_TYPE = YES_ERROR;
				GCC_WARN_UNDECLARED_SELECTOR = YES;
				GCC_WARN_UNINITIALIZED_AUTOS = YES_AGGRESSIVE;
				GCC_WARN_UNUSED_FUNCTION = YES;
				GCC_WARN_UNUSED_VARIABLE = YES;
				IPHONEOS_DEPLOYMENT_TARGET = 9.0;
				MTL_ENABLE_DEBUG_INFO = NO;
				SDKROOT = iphoneos;
				TARGETED_DEVICE_FAMILY = "1,2";
				VALIDATE_PRODUCT = YES;
			};
			name = Release;
		};
		5BE691E61D48FD23002B1312 /* Debug */ = {
			isa = XCBuildConfiguration;
			buildSettings = {
				ASSETCATALOG_COMPILER_APPICON_NAME = AppIcon;
				INFOPLIST_FILE = SceneryScrollerFX/Info.plist;
				LD_RUNPATH_SEARCH_PATHS = "$(inherited) @executable_path/Frameworks";
				PRODUCT_BUNDLE_IDENTIFIER = com.frostycube.beta;
				PRODUCT_NAME = "$(TARGET_NAME)";
			};
			name = Debug;
		};
		5BE691E71D48FD23002B1312 /* Release */ = {
			isa = XCBuildConfiguration;
			buildSettings = {
				ASSETCATALOG_COMPILER_APPICON_NAME = AppIcon;
				INFOPLIST_FILE = SceneryScrollerFX/Info.plist;
				LD_RUNPATH_SEARCH_PATHS = "$(inherited) @executable_path/Frameworks";
				PRODUCT_BUNDLE_IDENTIFIER = com.frostycube.beta;
				PRODUCT_NAME = "$(TARGET_NAME)";
			};
			name = Release;
		};
/* End XCBuildConfiguration section */

/* Begin XCConfigurationList section */
		5BE691CA1D48FD23002B1312 /* Build configuration list for PBXProject "SceneryScrollerFX" */ = {
			isa = XCConfigurationList;
			buildConfigurations = (
				5BE691E31D48FD23002B1312 /* Debug */,
				5BE691E41D48FD23002B1312 /* Release */,
			);
			defaultConfigurationIsVisible = 0;
			defaultConfigurationName = Release;
		};
		5BE691E51D48FD23002B1312 /* Build configuration list for PBXNativeTarget "SceneryScrollerFX" */ = {
			isa = XCConfigurationList;
			buildConfigurations = (
				5BE691E61D48FD23002B1312 /* Debug */,
				5BE691E71D48FD23002B1312 /* Release */,
			);
			defaultConfigurationIsVisible = 0;
		};
/* End XCConfigurationList section */
	};
	rootObject = 5BE691C71D48FD23002B1312 /* Project object */;
}
